
Microsoft Visual Studio Solution File, Format Version 12.00
# Visual Studio 15
VisualStudioVersion = 15.0.28307.852
MinimumVisualStudioVersion = 10.0.40219.1
Project("{9A19103F-16F7-4668-BE54-9A1E7A4F7556}") = "ConsoleApp1", "ConsoleApp1\ConsoleApp1.csproj", "{F7DE6337-D5FA-4B12-AA28-52C3D9ADDC9E}"
EndProject
Project("{9A19103F-16F7-4668-BE54-9A1E7A4F7556}") = "Homework1", "Homework1\Homework1.csproj", "{2F690DCE-6E6A-4DE5-A154-5FAD0CA02635}"
EndProject
Project("{9A19103F-16F7-4668-BE54-9A1E7A4F7556}") = "HomeWork2(geron formula)", "HomeWork2(geron formula)\HomeWork2(geron formula).csproj", "{7B12C6CD-CA2A-4333-98DB-C3730636A3F1}"
EndProject
Project("{9A19103F-16F7-4668-BE54-9A1E7A4F7556}") = "homeWork3_UserProfile", "homeWork3_UserProfile\homeWork3_UserProfile.csproj", "{6F754795-2C61-44D5-8DCC-6A44CFEBB6AF}"
EndProject
Project("{9A19103F-16F7-4668-BE54-9A1E7A4F7556}") = "HomeWork4_FindMax", "HomeWork4_FindMax\HomeWork4_FindMax.csproj", "{FA93D818-317C-4AC6-AC16-8E530ACDFC18}"
EndProject
Project("{FAE04EC0-301F-11D3-BF4B-00C04F79EFBC}") = "CommonClass", "CommonClass\CommonClass.csproj", "{28B19451-0D2F-42B3-A84F-FB8DE52F01FF}"
EndProject
Project("{9A19103F-16F7-4668-BE54-9A1E7A4F7556}") = "CommonLibrary", "CommonLibrary\CommonLibrary.csproj", "{9CAEA66D-93DA-4328-8C9E-552F2997CF54}"
EndProject
Project("{9A19103F-16F7-4668-BE54-9A1E7A4F7556}") = "HomeWork5_Fibonachi", "HomeWork5_Fibonachi\HomeWork5_Fibonachi.csproj", "{2B17A839-3D6C-4644-B0DF-CDC769E1F7AF}"
EndProject
Project("{9A19103F-16F7-4668-BE54-9A1E7A4F7556}") = "HomeWork6_AverageValue", "HomeWork6_AverageValue\HomeWork6_AverageValue.csproj", "{C27A3B0C-7B72-4BB8-AED4-9BF039412CD4}"
EndProject
Project("{9A19103F-16F7-4668-BE54-9A1E7A4F7556}") = "HomeWork7_FactorialCalculation", "HomeWork7_FactorialCalculation\HomeWork7_FactorialCalculation.csproj", "{610524A0-A66B-45E6-A38F-6F4CD215226A}"
EndProject
Project("{9A19103F-16F7-4668-BE54-9A1E7A4F7556}") = "HomeWork8_Authentication", "HomeWork8_Authentication\HomeWork8_Authentication.csproj", "{78DE67AC-FCFF-4BA5-BDC3-D9D67EA0A4F7}"
EndProject
Project("{9A19103F-16F7-4668-BE54-9A1E7A4F7556}") = "HomeWork9_ParsingRomanNumbers", "HomeWork9_ParsingRomanNumbers\HomeWork9_ParsingRomanNumbers.csproj", "{422AEEA3-2E62-4ACA-BC25-5F14322585AF}"
EndProject
Project("{9A19103F-16F7-4668-BE54-9A1E7A4F7556}") = "HomeWork10_ComplexNumbers", "HomeWork10_ComplexNumbers\HomeWork10_ComplexNumbers.csproj", "{B5147EE7-CE93-4541-A280-ED5E2D60E7FF}"
EndProject
Project("{FAE04EC0-301F-11D3-BF4B-00C04F79EFBC}") = "HomeWork11_GuessTheNumber", "HomeWork11_GuessTheNumber\HomeWork11_GuessTheNumber.csproj", "{47E2E57A-1177-407D-A74A-C2206DF4D22C}"
EndProject
Project("{FAE04EC0-301F-11D3-BF4B-00C04F79EFBC}") = "HomeWork12_XOX", "HomeWork12_XOX\HomeWork12_XOX.csproj", "{F39DCB33-74E7-4316-9D95-7B6B78A7B538}"
EndProject
Project("{FAE04EC0-301F-11D3-BF4B-00C04F79EFBC}") = "HomeWork13_WordGame", "HomeWork13_WordGame\HomeWork13_WordGame.csproj", "{65D9DD55-4EAF-4AC2-9C42-4A91759B1881}"
EndProject
Project("{FAE04EC0-301F-11D3-BF4B-00C04F79EFBC}") = "HomeWork14_StickGame", "HomeWork14_StickGame\HomeWork14_StickGame.csproj", "{65D01470-8818-42A0-B95C-2FBA20B91994}"
EndProject
Global
	GlobalSection(SolutionConfigurationPlatforms) = preSolution
		Debug|Any CPU = Debug|Any CPU
		Release|Any CPU = Release|Any CPU
	EndGlobalSection
	GlobalSection(ProjectConfigurationPlatforms) = postSolution
		{F7DE6337-D5FA-4B12-AA28-52C3D9ADDC9E}.Debug|Any CPU.ActiveCfg = Debug|Any CPU
		{F7DE6337-D5FA-4B12-AA28-52C3D9ADDC9E}.Debug|Any CPU.Build.0 = Debug|Any CPU
		{F7DE6337-D5FA-4B12-AA28-52C3D9ADDC9E}.Release|Any CPU.ActiveCfg = Release|Any CPU
		{F7DE6337-D5FA-4B12-AA28-52C3D9ADDC9E}.Release|Any CPU.Build.0 = Release|Any CPU
		{2F690DCE-6E6A-4DE5-A154-5FAD0CA02635}.Debug|Any CPU.ActiveCfg = Debug|Any CPU
		{2F690DCE-6E6A-4DE5-A154-5FAD0CA02635}.Debug|Any CPU.Build.0 = Debug|Any CPU
		{2F690DCE-6E6A-4DE5-A154-5FAD0CA02635}.Release|Any CPU.ActiveCfg = Release|Any CPU
		{2F690DCE-6E6A-4DE5-A154-5FAD0CA02635}.Release|Any CPU.Build.0 = Release|Any CPU
		{7B12C6CD-CA2A-4333-98DB-C3730636A3F1}.Debug|Any CPU.ActiveCfg = Debug|Any CPU
		{7B12C6CD-CA2A-4333-98DB-C3730636A3F1}.Debug|Any CPU.Build.0 = Debug|Any CPU
		{7B12C6CD-CA2A-4333-98DB-C3730636A3F1}.Release|Any CPU.ActiveCfg = Release|Any CPU
		{7B12C6CD-CA2A-4333-98DB-C3730636A3F1}.Release|Any CPU.Build.0 = Release|Any CPU
		{6F754795-2C61-44D5-8DCC-6A44CFEBB6AF}.Debug|Any CPU.ActiveCfg = Debug|Any CPU
		{6F754795-2C61-44D5-8DCC-6A44CFEBB6AF}.Debug|Any CPU.Build.0 = Debug|Any CPU
		{6F754795-2C61-44D5-8DCC-6A44CFEBB6AF}.Release|Any CPU.ActiveCfg = Release|Any CPU
		{6F754795-2C61-44D5-8DCC-6A44CFEBB6AF}.Release|Any CPU.Build.0 = Release|Any CPU
		{FA93D818-317C-4AC6-AC16-8E530ACDFC18}.Debug|Any CPU.ActiveCfg = Debug|Any CPU
		{FA93D818-317C-4AC6-AC16-8E530ACDFC18}.Debug|Any CPU.Build.0 = Debug|Any CPU
		{FA93D818-317C-4AC6-AC16-8E530ACDFC18}.Release|Any CPU.ActiveCfg = Release|Any CPU
		{FA93D818-317C-4AC6-AC16-8E530ACDFC18}.Release|Any CPU.Build.0 = Release|Any CPU
		{28B19451-0D2F-42B3-A84F-FB8DE52F01FF}.Debug|Any CPU.ActiveCfg = Debug|Any CPU
		{28B19451-0D2F-42B3-A84F-FB8DE52F01FF}.Debug|Any CPU.Build.0 = Debug|Any CPU
		{28B19451-0D2F-42B3-A84F-FB8DE52F01FF}.Release|Any CPU.ActiveCfg = Release|Any CPU
		{28B19451-0D2F-42B3-A84F-FB8DE52F01FF}.Release|Any CPU.Build.0 = Release|Any CPU
		{9CAEA66D-93DA-4328-8C9E-552F2997CF54}.Debug|Any CPU.ActiveCfg = Debug|Any CPU
		{9CAEA66D-93DA-4328-8C9E-552F2997CF54}.Debug|Any CPU.Build.0 = Debug|Any CPU
		{9CAEA66D-93DA-4328-8C9E-552F2997CF54}.Release|Any CPU.ActiveCfg = Release|Any CPU
		{9CAEA66D-93DA-4328-8C9E-552F2997CF54}.Release|Any CPU.Build.0 = Release|Any CPU
		{2B17A839-3D6C-4644-B0DF-CDC769E1F7AF}.Debug|Any CPU.ActiveCfg = Debug|Any CPU
		{2B17A839-3D6C-4644-B0DF-CDC769E1F7AF}.Debug|Any CPU.Build.0 = Debug|Any CPU
		{2B17A839-3D6C-4644-B0DF-CDC769E1F7AF}.Release|Any CPU.ActiveCfg = Release|Any CPU
		{2B17A839-3D6C-4644-B0DF-CDC769E1F7AF}.Release|Any CPU.Build.0 = Release|Any CPU
		{C27A3B0C-7B72-4BB8-AED4-9BF039412CD4}.Debug|Any CPU.ActiveCfg = Debug|Any CPU
		{C27A3B0C-7B72-4BB8-AED4-9BF039412CD4}.Debug|Any CPU.Build.0 = Debug|Any CPU
		{C27A3B0C-7B72-4BB8-AED4-9BF039412CD4}.Release|Any CPU.ActiveCfg = Release|Any CPU
		{C27A3B0C-7B72-4BB8-AED4-9BF039412CD4}.Release|Any CPU.Build.0 = Release|Any CPU
		{610524A0-A66B-45E6-A38F-6F4CD215226A}.Debug|Any CPU.ActiveCfg = Debug|Any CPU
		{610524A0-A66B-45E6-A38F-6F4CD215226A}.Debug|Any CPU.Build.0 = Debug|Any CPU
		{610524A0-A66B-45E6-A38F-6F4CD215226A}.Release|Any CPU.ActiveCfg = Release|Any CPU
		{610524A0-A66B-45E6-A38F-6F4CD215226A}.Release|Any CPU.Build.0 = Release|Any CPU
		{78DE67AC-FCFF-4BA5-BDC3-D9D67EA0A4F7}.Debug|Any CPU.ActiveCfg = Debug|Any CPU
		{78DE67AC-FCFF-4BA5-BDC3-D9D67EA0A4F7}.Debug|Any CPU.Build.0 = Debug|Any CPU
		{78DE67AC-FCFF-4BA5-BDC3-D9D67EA0A4F7}.Release|Any CPU.ActiveCfg = Release|Any CPU
		{78DE67AC-FCFF-4BA5-BDC3-D9D67EA0A4F7}.Release|Any CPU.Build.0 = Release|Any CPU
		{422AEEA3-2E62-4ACA-BC25-5F14322585AF}.Debug|Any CPU.ActiveCfg = Debug|Any CPU
		{422AEEA3-2E62-4ACA-BC25-5F14322585AF}.Debug|Any CPU.Build.0 = Debug|Any CPU
		{422AEEA3-2E62-4ACA-BC25-5F14322585AF}.Release|Any CPU.ActiveCfg = Release|Any CPU
		{422AEEA3-2E62-4ACA-BC25-5F14322585AF}.Release|Any CPU.Build.0 = Release|Any CPU
		{B5147EE7-CE93-4541-A280-ED5E2D60E7FF}.Debug|Any CPU.ActiveCfg = Debug|Any CPU
		{B5147EE7-CE93-4541-A280-ED5E2D60E7FF}.Debug|Any CPU.Build.0 = Debug|Any CPU
		{B5147EE7-CE93-4541-A280-ED5E2D60E7FF}.Release|Any CPU.ActiveCfg = Release|Any CPU
		{B5147EE7-CE93-4541-A280-ED5E2D60E7FF}.Release|Any CPU.Build.0 = Release|Any CPU
		{47E2E57A-1177-407D-A74A-C2206DF4D22C}.Debug|Any CPU.ActiveCfg = Debug|Any CPU
		{47E2E57A-1177-407D-A74A-C2206DF4D22C}.Debug|Any CPU.Build.0 = Debug|Any CPU
		{47E2E57A-1177-407D-A74A-C2206DF4D22C}.Release|Any CPU.ActiveCfg = Release|Any CPU
		{47E2E57A-1177-407D-A74A-C2206DF4D22C}.Release|Any CPU.Build.0 = Release|Any CPU
		{F39DCB33-74E7-4316-9D95-7B6B78A7B538}.Debug|Any CPU.ActiveCfg = Debug|Any CPU
		{F39DCB33-74E7-4316-9D95-7B6B78A7B538}.Debug|Any CPU.Build.0 = Debug|Any CPU
		{F39DCB33-74E7-4316-9D95-7B6B78A7B538}.Release|Any CPU.ActiveCfg = Release|Any CPU
		{F39DCB33-74E7-4316-9D95-7B6B78A7B538}.Release|Any CPU.Build.0 = Release|Any CPU
		{65D9DD55-4EAF-4AC2-9C42-4A91759B1881}.Debug|Any CPU.ActiveCfg = Debug|Any CPU
		{65D9DD55-4EAF-4AC2-9C42-4A91759B1881}.Debug|Any CPU.Build.0 = Debug|Any CPU
		{65D9DD55-4EAF-4AC2-9C42-4A91759B1881}.Release|Any CPU.ActiveCfg = Release|Any CPU
		{65D9DD55-4EAF-4AC2-9C42-4A91759B1881}.Release|Any CPU.Build.0 = Release|Any CPU
		{65D01470-8818-42A0-B95C-2FBA20B91994}.Debug|Any CPU.ActiveCfg = Debug|Any CPU
		{65D01470-8818-42A0-B95C-2FBA20B91994}.Debug|Any CPU.Build.0 = Debug|Any CPU
		{65D01470-8818-42A0-B95C-2FBA20B91994}.Release|Any CPU.ActiveCfg = Release|Any CPU
		{65D01470-8818-42A0-B95C-2FBA20B91994}.Release|Any CPU.Build.0 = Release|Any CPU
	EndGlobalSection
	GlobalSection(SolutionProperties) = preSolution
		HideSolutionNode = FALSE
	EndGlobalSection
	GlobalSection(ExtensibilityGlobals) = postSolution
		SolutionGuid = {159E0569-B074-471B-A600-88C45D432B1D}
	EndGlobalSection
EndGlobal
